
Microsoft Visual Studio Solution File, Format Version 12.00
# Visual Studio Version 17
VisualStudioVersion = 17.6.33712.159
MinimumVisualStudioVersion = 10.0.40219.1
Project("{9092AA53-FB77-4645-B42D-1CCCA6BD08BD}") = "SolyCore-Bot", "SolyCore-Bot\SolyCore-Bot.njsproj", "{E5ED75C3-C0E6-40DE-BDB8-D72B3EBFA9F9}"
EndProject
Global
	GlobalSection(SolutionConfigurationPlatforms) = preSolution
		Debug|Any CPU = Debug|Any CPU
		Release|Any CPU = Release|Any CPU
	EndGlobalSection
	GlobalSection(ProjectConfigurationPlatforms) = postSolution
		{E5ED75C3-C0E6-40DE-BDB8-D72B3EBFA9F9}.Debug|Any CPU.ActiveCfg = Debug|Any CPU
		{E5ED75C3-C0E6-40DE-BDB8-D72B3EBFA9F9}.Debug|Any CPU.Build.0 = Debug|Any CPU
		{E5ED75C3-C0E6-40DE-BDB8-D72B3EBFA9F9}.Release|Any CPU.ActiveCfg = Release|Any CPU
		{E5ED75C3-C0E6-40DE-BDB8-D72B3EBFA9F9}.Release|Any CPU.Build.0 = Release|Any CPU
	EndGlobalSection
	GlobalSection(SolutionProperties) = preSolution
		HideSolutionNode = FALSE
	EndGlobalSection
	GlobalSection(ExtensibilityGlobals) = postSolution
		SolutionGuid = {13D43D58-3C1A-467E-B703-EF5D05FE89D0}
	EndGlobalSection
EndGlobal
